
Microsoft Visual Studio Solution File, Format Version 12.00
# Visual Studio Version 17
VisualStudioVersion = 17.12.35707.178 d17.12
MinimumVisualStudioVersion = 10.0.40219.1
Project("{FAE04EC0-301F-11D3-BF4B-00C04F79EFBC}") = "FruitSaladLibrary", "FruitSaladLibrary\FruitSaladLibrary.csproj", "{7267C24C-ED41-405D-BF96-4FC0EBF19F52}"
EndProject
Project("{FAE04EC0-301F-11D3-BF4B-00C04F79EFBC}") = "FruitSaladDeliveryApp", "FruitSaladDeliveryApp2\FruitSaladDeliveryApp.csproj", "{0855F189-2D62-4719-9C8E-0F400147A0A0}"
EndProject
Project("{FAE04EC0-301F-11D3-BF4B-00C04F79EFBC}") = "DeliveryApp2", "DeliveryApp2\DeliveryApp2.csproj", "{5D3BA825-EE2C-48EA-82C7-4A82DB1EC30B}"
EndProject
Global
	GlobalSection(SolutionConfigurationPlatforms) = preSolution
		Debug|Any CPU = Debug|Any CPU
		Release|Any CPU = Release|Any CPU
	EndGlobalSection
	GlobalSection(ProjectConfigurationPlatforms) = postSolution
		{7267C24C-ED41-405D-BF96-4FC0EBF19F52}.Debug|Any CPU.ActiveCfg = Debug|Any CPU
		{7267C24C-ED41-405D-BF96-4FC0EBF19F52}.Debug|Any CPU.Build.0 = Debug|Any CPU
		{7267C24C-ED41-405D-BF96-4FC0EBF19F52}.Release|Any CPU.ActiveCfg = Release|Any CPU
		{7267C24C-ED41-405D-BF96-4FC0EBF19F52}.Release|Any CPU.Build.0 = Release|Any CPU
		{0855F189-2D62-4719-9C8E-0F400147A0A0}.Debug|Any CPU.ActiveCfg = Debug|Any CPU
		{0855F189-2D62-4719-9C8E-0F400147A0A0}.Debug|Any CPU.Build.0 = Debug|Any CPU
		{0855F189-2D62-4719-9C8E-0F400147A0A0}.Release|Any CPU.ActiveCfg = Release|Any CPU
		{0855F189-2D62-4719-9C8E-0F400147A0A0}.Release|Any CPU.Build.0 = Release|Any CPU
		{5D3BA825-EE2C-48EA-82C7-4A82DB1EC30B}.Debug|Any CPU.ActiveCfg = Debug|Any CPU
		{5D3BA825-EE2C-48EA-82C7-4A82DB1EC30B}.Debug|Any CPU.Build.0 = Debug|Any CPU
		{5D3BA825-EE2C-48EA-82C7-4A82DB1EC30B}.Release|Any CPU.ActiveCfg = Release|Any CPU
		{5D3BA825-EE2C-48EA-82C7-4A82DB1EC30B}.Release|Any CPU.Build.0 = Release|Any CPU
	EndGlobalSection
	GlobalSection(SolutionProperties) = preSolution
		HideSolutionNode = FALSE
	EndGlobalSection
EndGlobal
